
Microsoft Visual Studio Solution File, Format Version 12.00
# Visual Studio Version 16
VisualStudioVersion = 16.0.33214.272
MinimumVisualStudioVersion = 10.0.40219.1
Project("{FAE04EC0-301F-11D3-BF4B-00C04F79EFBC}") = "project 4", "project 4.csproj", "{80E753B4-AB3D-45A2-932F-80F54A425316}"
EndProject
Global
	GlobalSection(SolutionConfigurationPlatforms) = preSolution
		Debug|Any CPU = Debug|Any CPU
		Release|Any CPU = Release|Any CPU
	EndGlobalSection
	GlobalSection(ProjectConfigurationPlatforms) = postSolution
		{80E753B4-AB3D-45A2-932F-80F54A425316}.Debug|Any CPU.ActiveCfg = Debug|Any CPU
		{80E753B4-AB3D-45A2-932F-80F54A425316}.Debug|Any CPU.Build.0 = Debug|Any CPU
		{80E753B4-AB3D-45A2-932F-80F54A425316}.Release|Any CPU.ActiveCfg = Release|Any CPU
		{80E753B4-AB3D-45A2-932F-80F54A425316}.Release|Any CPU.Build.0 = Release|Any CPU
	EndGlobalSection
	GlobalSection(SolutionProperties) = preSolution
		HideSolutionNode = FALSE
	EndGlobalSection
	GlobalSection(ExtensibilityGlobals) = postSolution
		SolutionGuid = {26FD2731-4407-4E04-9702-DB75A4056848}
	EndGlobalSection
EndGlobal
